{
  "version": 4,
  "terraform_version": "1.0.6",
  "serial": 2,
  "lineage": "0d793091-1db2-5edf-db12-1bf2180789d6",
  "outputs": {
    "rg_id": {
      "value": "Resource Group ID: /subscriptions/e126425e-4d1c-4d48-bd5e-76d5d80c60b2/resourceGroups/example-resources",
      "type": "string"
    }
  },
  "resources": [
    {
      "mode": "managed",
      "type": "azurerm_resource_group",
      "name": "example",
      "provider": "provider[\"registry.terraform.io/hashicorp/azurerm\"]",
      "instances": [
        {
          "schema_version": 0,
          "attributes": {
            "id": "/subscriptions/e126425e-4d1c-4d48-bd5e-76d5d80c60b2/resourceGroups/example-resources",
            "location": "westcentralus",
            "name": "example-resources",
            "tags": null,
            "timeouts": null
          },
          "sensitive_attributes": [],
          "private": "eyJlMmJmYjczMC1lY2FhLTExZTYtOGY4OC0zNDM2M2JjN2M0YzAiOnsiY3JlYXRlIjo1NDAwMDAwMDAwMDAwLCJkZWxldGUiOjU0MDAwMDAwMDAwMDAsInJlYWQiOjMwMDAwMDAwMDAwMCwidXBkYXRlIjo1NDAwMDAwMDAwMDAwfX0="
        }
      ]
    }
  ]
}
